# This file is automatically @generated by Cargo.
# It is not intended for manual editing.
[[package]]
name = "Inflector"
version = "0.11.4"
source = "registry+https://github.com/rust-lang/crates.io-index"
checksum = "fe438c63458706e03479442743baae6c88256498e6431708f6dfc520a26515d3"
dependencies = [
 "lazy_static",
 "regex",
]

[[package]]
name = "aho-corasick"
version = "0.7.13"
source = "registry+https://github.com/rust-lang/crates.io-index"
checksum = "043164d8ba5c4c3035fec9bbee8647c0261d788f3474306f93bb65901cae0e86"
dependencies = [
 "memchr",
]

[[package]]
name = "arrayvec"
version = "0.5.1"
source = "registry+https://github.com/rust-lang/crates.io-index"
checksum = "cff77d8686867eceff3105329d4698d96c2391c176d5d03adc90c7389162b5b8"

[[package]]
name = "autocfg"
version = "1.0.1"
source = "registry+https://github.com/rust-lang/crates.io-index"
checksum = "cdb031dd78e28731d87d56cc8ffef4a8f36ca26c38fe2de700543e627f8a464a"

[[package]]
name = "bitmask"
version = "0.5.0"
source = "registry+https://github.com/rust-lang/crates.io-index"
checksum = "5da9b3d9f6f585199287a473f4f8dfab6566cf827d15c00c219f53c645687ead"

[[package]]
name = "byte-slice-cast"
version = "0.3.5"
source = "registry+https://github.com/rust-lang/crates.io-index"
checksum = "b0a5e3906bcbf133e33c1d4d95afc664ad37fbdb9f6568d8043e7ea8c27d93d3"

[[package]]
name = "byteorder"
version = "1.3.4"
source = "registry+https://github.com/rust-lang/crates.io-index"
checksum = "08c48aae112d48ed9f069b33538ea9e3e90aa263cfa3d1c24309612b1f7472de"

[[package]]
name = "cfg-if"
version = "0.1.10"
source = "registry+https://github.com/rust-lang/crates.io-index"
checksum = "4785bdd1c96b2a846b2bd7cc02e86b6b3dbf14e7e53446c4f54c92a361040822"

[[package]]
name = "crunchy"
version = "0.2.2"
source = "registry+https://github.com/rust-lang/crates.io-index"
checksum = "7a81dae078cea95a014a339291cec439d2f232ebe854a9d672b796c6afafa9b7"

[[package]]
name = "derive_more"
version = "0.99.10"
source = "registry+https://github.com/rust-lang/crates.io-index"
checksum = "1dcfabdab475c16a93d669dddfc393027803e347d09663f524447f642fbb84ba"
dependencies = [
 "proc-macro2",
 "quote",
 "syn",
]

[[package]]
name = "either"
version = "1.6.1"
source = "registry+https://github.com/rust-lang/crates.io-index"
checksum = "e78d4f1cc4ae33bbfc157ed5d5a5ef3bc29227303d595861deb238fcec4e9457"

[[package]]
name = "fixed-hash"
version = "0.6.1"
source = "registry+https://github.com/rust-lang/crates.io-index"
checksum = "11498d382790b7a8f2fd211780bec78619bba81cdad3a283997c0c41f836759c"
dependencies = [
 "static_assertions",
]

[[package]]
name = "frame-metadata"
version = "12.0.0"
source = "registry+https://github.com/rust-lang/crates.io-index"
checksum = "6b5640bfcb7111643807c63cd38ecdcc923d3253e525f23ab6b366002bf8ecd5"
dependencies = [
 "parity-scale-codec",
 "sp-core",
 "sp-std",
]

[[package]]
name = "frame-support"
version = "2.0.0"
source = "registry+https://github.com/rust-lang/crates.io-index"
checksum = "807c32da14bd0e5fb751095335a07938cda6f1488f57d7b0539118e3434980a8"
dependencies = [
 "bitmask",
 "frame-metadata",
 "frame-support-procedural",
 "impl-trait-for-tuples",
 "log",
 "parity-scale-codec",
 "paste",
 "smallvec",
 "sp-arithmetic",
 "sp-core",
 "sp-inherents",
 "sp-io",
 "sp-runtime",
 "sp-std",
 "sp-tracing",
]

[[package]]
name = "frame-support-procedural"
version = "2.0.0"
source = "registry+https://github.com/rust-lang/crates.io-index"
checksum = "508dc2eb44a802f1876e3dc97a76aed8f18b993f75f6cb1975cb83cf45a5d981"
dependencies = [
 "frame-support-procedural-tools",
 "proc-macro2",
 "quote",
 "syn",
]

[[package]]
name = "frame-support-procedural-tools"
version = "2.0.0"
source = "registry+https://github.com/rust-lang/crates.io-index"
checksum = "04f6d1dd14477123180c47024bcc24c1a624ea8631b4f00080d14089907397f4"
dependencies = [
 "frame-support-procedural-tools-derive",
 "proc-macro-crate",
 "proc-macro2",
 "quote",
 "syn",
]

[[package]]
name = "frame-support-procedural-tools-derive"
version = "2.0.0"
source = "registry+https://github.com/rust-lang/crates.io-index"
checksum = "8ad38379ecedd632f286c7b94a4b9a15bffb635194de4dbf2b4458bc46cee28f"
dependencies = [
 "proc-macro2",
 "quote",
 "syn",
]

[[package]]
name = "frame-system"
version = "2.0.0"
source = "registry+https://github.com/rust-lang/crates.io-index"
checksum = "d172404f0e44b867f5fd14465a27f298b8828b53d7a7a555d3759e1dec3c8f0d"
dependencies = [
 "frame-support",
 "impl-trait-for-tuples",
 "parity-scale-codec",
 "sp-core",
 "sp-io",
 "sp-runtime",
 "sp-std",
 "sp-version",
]

[[package]]
name = "hash-db"
version = "0.15.2"
source = "registry+https://github.com/rust-lang/crates.io-index"
checksum = "d23bd4e7b5eda0d0f3a307e8b381fdc8ba9000f26fbe912250c0a4cc3956364a"

[[package]]
name = "hash256-std-hasher"
version = "0.15.2"
source = "registry+https://github.com/rust-lang/crates.io-index"
checksum = "92c171d55b98633f4ed3860808f004099b36c1cc29c42cfc53aa8591b21efcf2"
dependencies = [
 "crunchy",
]

[[package]]
name = "impl-codec"
version = "0.4.2"
source = "registry+https://github.com/rust-lang/crates.io-index"
checksum = "1be51a921b067b0eaca2fad532d9400041561aa922221cc65f95a85641c6bf53"
dependencies = [
 "parity-scale-codec",
]

[[package]]
name = "impl-trait-for-tuples"
version = "0.1.3"
source = "registry+https://github.com/rust-lang/crates.io-index"
checksum = "7ef5550a42e3740a0e71f909d4c861056a284060af885ae7aa6242820f920d9d"
dependencies = [
 "proc-macro2",
 "quote",
 "syn",
]

[[package]]
name = "integer-sqrt"
version = "0.1.5"
source = "registry+https://github.com/rust-lang/crates.io-index"
checksum = "276ec31bcb4a9ee45f58bec6f9ec700ae4cf4f4f8f2fa7e06cb406bd5ffdd770"
dependencies = [
 "num-traits",
]

[[package]]
name = "lazy_static"
version = "1.4.0"
source = "registry+https://github.com/rust-lang/crates.io-index"
checksum = "e2abad23fbc42b3700f2f279844dc832adb2b2eb069b2df918f455c4e18cc646"

[[package]]
name = "log"
version = "0.4.11"
source = "registry+https://github.com/rust-lang/crates.io-index"
checksum = "4fabed175da42fed1fa0746b0ea71f412aa9d35e76e95e59b192c64b9dc2bf8b"
dependencies = [
 "cfg-if",
]

[[package]]
name = "memchr"
version = "2.3.3"
source = "registry+https://github.com/rust-lang/crates.io-index"
checksum = "3728d817d99e5ac407411fa471ff9800a778d88a24685968b36824eaf4bee400"

[[package]]
name = "num-traits"
version = "0.2.12"
source = "registry+https://github.com/rust-lang/crates.io-index"
checksum = "ac267bcc07f48ee5f8935ab0d24f316fb722d7a1292e2913f0cc196b29ffd611"
dependencies = [
 "autocfg",
]

[[package]]
name = "parity-scale-codec"
version = "1.3.5"
source = "registry+https://github.com/rust-lang/crates.io-index"
checksum = "7c740e5fbcb6847058b40ac7e5574766c6388f585e184d769910fe0d3a2ca861"
dependencies = [
 "arrayvec",
 "byte-slice-cast",
 "parity-scale-codec-derive",
]

[[package]]
name = "parity-scale-codec-derive"
version = "1.2.2"
source = "registry+https://github.com/rust-lang/crates.io-index"
checksum = "198db82bb1c18fc00176004462dd809b2a6d851669550aa17af6dacd21ae0c14"
dependencies = [
 "proc-macro-crate",
 "proc-macro2",
 "quote",
 "syn",
]

[[package]]
name = "parity-util-mem"
version = "0.7.0"
source = "registry+https://github.com/rust-lang/crates.io-index"
checksum = "297ff91fa36aec49ce183484b102f6b75b46776822bd81525bfc4cc9b0dd0f5c"
dependencies = [
 "cfg-if",
 "impl-trait-for-tuples",
 "parity-util-mem-derive",
 "primitive-types",
 "winapi",
]

[[package]]
name = "parity-util-mem-derive"
version = "0.1.0"
source = "registry+https://github.com/rust-lang/crates.io-index"
checksum = "f557c32c6d268a07c921471619c0295f5efad3a0e76d4f97a05c091a51d110b2"
dependencies = [
 "proc-macro2",
 "syn",
 "synstructure",
]

[[package]]
name = "paste"
version = "0.1.18"
source = "registry+https://github.com/rust-lang/crates.io-index"
checksum = "45ca20c77d80be666aef2b45486da86238fabe33e38306bd3118fe4af33fa880"
dependencies = [
 "paste-impl",
 "proc-macro-hack",
]

[[package]]
name = "paste-impl"
version = "0.1.18"
source = "registry+https://github.com/rust-lang/crates.io-index"
checksum = "d95a7db200b97ef370c8e6de0088252f7e0dfff7d047a28528e47456c0fc98b6"
dependencies = [
 "proc-macro-hack",
]

[[package]]
name = "primitive-types"
version = "0.7.2"
source = "registry+https://github.com/rust-lang/crates.io-index"
checksum = "c55c21c64d0eaa4d7ed885d959ef2d62d9e488c27c0e02d9aa5ce6c877b7d5f8"
dependencies = [
 "fixed-hash",
 "impl-codec",
 "uint",
]

[[package]]
name = "primitives"
version = "2.0.0"
dependencies = [
 "frame-support",
 "frame-system",
 "sp-runtime",
 "sp-std",
]

[[package]]
name = "proc-macro-crate"
version = "0.1.5"
source = "registry+https://github.com/rust-lang/crates.io-index"
checksum = "1d6ea3c4595b96363c13943497db34af4460fb474a95c43f4446ad341b8c9785"
dependencies = [
 "toml",
]

[[package]]
name = "proc-macro-hack"
version = "0.5.18"
source = "registry+https://github.com/rust-lang/crates.io-index"
checksum = "99c605b9a0adc77b7211c6b1f722dcb613d68d66859a44f3d485a6da332b0598"

[[package]]
name = "proc-macro2"
version = "1.0.23"
source = "registry+https://github.com/rust-lang/crates.io-index"
checksum = "51ef7cd2518ead700af67bf9d1a658d90b6037d77110fd9c0445429d0ba1c6c9"
dependencies = [
 "unicode-xid",
]

[[package]]
name = "quote"
version = "1.0.7"
source = "registry+https://github.com/rust-lang/crates.io-index"
checksum = "aa563d17ecb180e500da1cfd2b028310ac758de548efdd203e18f283af693f37"
dependencies = [
 "proc-macro2",
]

[[package]]
name = "ref-cast"
version = "1.0.2"
source = "registry+https://github.com/rust-lang/crates.io-index"
checksum = "745c1787167ddae5569661d5ffb8b25ae5fedbf46717eaa92d652221cec72623"
dependencies = [
 "ref-cast-impl",
]

[[package]]
name = "ref-cast-impl"
version = "1.0.2"
source = "registry+https://github.com/rust-lang/crates.io-index"
checksum = "7d21b475ab879ef0e315ad99067fa25778c3b0377f57f1b00207448dac1a3144"
dependencies = [
 "proc-macro2",
 "quote",
 "syn",
]

[[package]]
name = "regex"
version = "1.3.9"
source = "registry+https://github.com/rust-lang/crates.io-index"
checksum = "9c3780fcf44b193bc4d09f36d2a3c87b251da4a046c87795a0d35f4f927ad8e6"
dependencies = [
 "aho-corasick",
 "memchr",
 "regex-syntax",
 "thread_local",
]

[[package]]
name = "regex-syntax"
version = "0.6.18"
source = "registry+https://github.com/rust-lang/crates.io-index"
checksum = "26412eb97c6b088a6997e05f69403a802a92d520de2f8e63c2b65f9e0f47c4e8"

[[package]]
name = "rustc-hex"
version = "2.1.0"
source = "registry+https://github.com/rust-lang/crates.io-index"
checksum = "3e75f6a532d0fd9f7f13144f392b6ad56a32696bfcd9c78f797f16bbb6f072d6"

[[package]]
name = "secrecy"
version = "0.6.0"
source = "registry+https://github.com/rust-lang/crates.io-index"
checksum = "9182278ed645df3477a9c27bfee0621c621aa16f6972635f7f795dae3d81070f"
dependencies = [
 "zeroize",
]

[[package]]
name = "serde"
version = "1.0.116"
source = "registry+https://github.com/rust-lang/crates.io-index"
checksum = "96fe57af81d28386a513cbc6858332abc6117cfdb5999647c6444b8f43a370a5"

[[package]]
name = "smallvec"
version = "1.4.2"
source = "registry+https://github.com/rust-lang/crates.io-index"
checksum = "fbee7696b84bbf3d89a1c2eccff0850e3047ed46bfcd2e92c29a2d074d57e252"

[[package]]
name = "sp-application-crypto"
version = "2.0.0"
source = "registry+https://github.com/rust-lang/crates.io-index"
checksum = "885eca124aa6ce0bba57c08bc48c4357096996d630a77f572580ef8e2e4df034"
dependencies = [
 "parity-scale-codec",
 "sp-core",
 "sp-io",
 "sp-std",
]

[[package]]
name = "sp-arithmetic"
version = "2.0.0"
source = "registry+https://github.com/rust-lang/crates.io-index"
checksum = "667775bc50eb214225df18c92e4ec57acc7e2dc78d7d210eb4dd930db1a73995"
dependencies = [
 "integer-sqrt",
 "num-traits",
 "parity-scale-codec",
 "sp-debug-derive",
 "sp-std",
]

[[package]]
name = "sp-core"
version = "2.0.0"
source = "registry+https://github.com/rust-lang/crates.io-index"
checksum = "e92ac5c674ee2cd9219d084301b4cbb82b28a94a0f3087bf4bea0ef3067ebb5c"
dependencies = [
 "byteorder",
 "derive_more",
 "hash-db",
 "hash256-std-hasher",
 "log",
 "num-traits",
 "parity-scale-codec",
 "parity-util-mem",
 "primitive-types",
 "secrecy",
 "sp-debug-derive",
 "sp-runtime-interface",
 "sp-std",
 "sp-storage",
 "zeroize",
]

[[package]]
name = "sp-debug-derive"
version = "2.0.0"
source = "registry+https://github.com/rust-lang/crates.io-index"
checksum = "8a3750b084e0f4677f6e834a974f30b1ba97fc2fe00185c9d03611a2228446dc"
dependencies = [
 "proc-macro2",
 "quote",
 "syn",
]

[[package]]
name = "sp-inherents"
version = "2.0.0"
source = "registry+https://github.com/rust-lang/crates.io-index"
checksum = "365e5aee23640631e63e8634f1d804e33c8fcb521f4052910f29abaa2df1c1cf"
dependencies = [
 "parity-scale-codec",
 "sp-core",
 "sp-std",
]

[[package]]
name = "sp-io"
version = "2.0.0"
source = "registry+https://github.com/rust-lang/crates.io-index"
checksum = "b9e1dee9244eb6cba1bef9b3a4ec288185e1380e455f1fd348b60252592c1cf0"
dependencies = [
 "hash-db",
 "parity-scale-codec",
 "sp-core",
 "sp-runtime-interface",
 "sp-std",
 "sp-tracing",
 "sp-wasm-interface",
 "tracing",
 "tracing-core",
]

[[package]]
name = "sp-runtime"
version = "2.0.0"
source = "registry+https://github.com/rust-lang/crates.io-index"
checksum = "62542f8ce9d5fcb43a4dd3c3a53326d33aacf9b0bc9d353d6fe9fd5ff3031747"
dependencies = [
 "either",
 "hash256-std-hasher",
 "impl-trait-for-tuples",
 "parity-scale-codec",
 "parity-util-mem",
 "paste",
 "sp-application-crypto",
 "sp-arithmetic",
 "sp-core",
 "sp-inherents",
 "sp-io",
 "sp-std",
]

[[package]]
name = "sp-runtime-interface"
version = "2.0.0"
source = "registry+https://github.com/rust-lang/crates.io-index"
checksum = "8b7e363c480cc8c9019b84f85d10c0b56a184079d5d840d2d1d55087ad835dc6"
dependencies = [
 "parity-scale-codec",
 "primitive-types",
 "sp-runtime-interface-proc-macro",
 "sp-std",
 "sp-storage",
 "sp-tracing",
 "sp-wasm-interface",
 "static_assertions",
]

[[package]]
name = "sp-runtime-interface-proc-macro"
version = "2.0.0"
source = "registry+https://github.com/rust-lang/crates.io-index"
checksum = "85cf56a38544293e54dbe0aa7b6aed1e046bfc704b6fc3de7255897dca98ccb1"
dependencies = [
 "Inflector",
 "proc-macro-crate",
 "proc-macro2",
 "quote",
 "syn",
]

[[package]]
name = "sp-std"
version = "2.0.0"
source = "registry+https://github.com/rust-lang/crates.io-index"
checksum = "fa2d6e166cead2d3b1d3d8fe0e787d076b7d0296b1760a0d7d340846d0ba42c5"

[[package]]
name = "sp-storage"
version = "2.0.0"
source = "registry+https://github.com/rust-lang/crates.io-index"
checksum = "0f4625e6f8f40995939560f48f89028f658b7929657c68d01c571c81ab5619ff"
dependencies = [
 "parity-scale-codec",
 "ref-cast",
 "sp-debug-derive",
 "sp-std",
]

[[package]]
name = "sp-tracing"
version = "2.0.0"
source = "registry+https://github.com/rust-lang/crates.io-index"
checksum = "b9a5c42c5450991ca3a28c190e75122f5ccedbcb024953e7c357e7aa2afd8534"
dependencies = [
 "parity-scale-codec",
 "sp-std",
 "tracing",
 "tracing-core",
]

[[package]]
name = "sp-version"
version = "2.0.0"
source = "registry+https://github.com/rust-lang/crates.io-index"
checksum = "21935199c8765f0d02facc718f9c83149a70ea684fb03612e5161c682b38a301"
dependencies = [
 "parity-scale-codec",
 "sp-runtime",
 "sp-std",
]

[[package]]
name = "sp-wasm-interface"
version = "2.0.0"
source = "registry+https://github.com/rust-lang/crates.io-index"
checksum = "f1c28225e8b7ec7e260f8b46443f8731abda206334cb75c740d2407693f38167"
dependencies = [
 "impl-trait-for-tuples",
 "parity-scale-codec",
 "sp-std",
]

[[package]]
name = "static_assertions"
version = "1.1.0"
source = "registry+https://github.com/rust-lang/crates.io-index"
checksum = "a2eb9349b6444b326872e140eb1cf5e7c522154d69e7a0ffb0fb81c06b37543f"

[[package]]
name = "syn"
version = "1.0.42"
source = "registry+https://github.com/rust-lang/crates.io-index"
checksum = "9c51d92969d209b54a98397e1b91c8ae82d8c87a7bb87df0b29aa2ad81454228"
dependencies = [
 "proc-macro2",
 "quote",
 "unicode-xid",
]

[[package]]
name = "synstructure"
version = "0.12.4"
source = "registry+https://github.com/rust-lang/crates.io-index"
checksum = "b834f2d66f734cb897113e34aaff2f1ab4719ca946f9a7358dba8f8064148701"
dependencies = [
 "proc-macro2",
 "quote",
 "syn",
 "unicode-xid",
]

[[package]]
name = "thread_local"
version = "1.0.1"
source = "registry+https://github.com/rust-lang/crates.io-index"
checksum = "d40c6d1b69745a6ec6fb1ca717914848da4b44ae29d9b3080cbee91d72a69b14"
dependencies = [
 "lazy_static",
]

[[package]]
name = "toml"
version = "0.5.6"
source = "registry+https://github.com/rust-lang/crates.io-index"
checksum = "ffc92d160b1eef40665be3a05630d003936a3bc7da7421277846c2613e92c71a"
dependencies = [
 "serde",
]

[[package]]
name = "tracing"
version = "0.1.19"
source = "registry+https://github.com/rust-lang/crates.io-index"
checksum = "6d79ca061b032d6ce30c660fded31189ca0b9922bf483cd70759f13a2d86786c"
dependencies = [
 "cfg-if",
 "tracing-core",
]

[[package]]
name = "tracing-core"
version = "0.1.16"
source = "registry+https://github.com/rust-lang/crates.io-index"
checksum = "5bcf46c1f1f06aeea2d6b81f3c863d0930a596c86ad1920d4e5bad6dd1d7119a"

[[package]]
name = "uint"
version = "0.8.5"
source = "registry+https://github.com/rust-lang/crates.io-index"
checksum = "9db035e67dfaf7edd9aebfe8676afcd63eed53c8a4044fed514c8cccf1835177"
dependencies = [
 "byteorder",
 "crunchy",
 "rustc-hex",
 "static_assertions",
]

[[package]]
name = "unicode-xid"
version = "0.2.1"
source = "registry+https://github.com/rust-lang/crates.io-index"
checksum = "f7fe0bb3479651439c9112f72b6c505038574c9fbb575ed1bf3b797fa39dd564"

[[package]]
name = "winapi"
version = "0.3.9"
source = "registry+https://github.com/rust-lang/crates.io-index"
checksum = "5c839a674fcd7a98952e593242ea400abe93992746761e38641405d28b00f419"
dependencies = [
 "winapi-i686-pc-windows-gnu",
 "winapi-x86_64-pc-windows-gnu",
]

[[package]]
name = "winapi-i686-pc-windows-gnu"
version = "0.4.0"
source = "registry+https://github.com/rust-lang/crates.io-index"
checksum = "ac3b87c63620426dd9b991e5ce0329eff545bccbbb34f3be09ff6fb6ab51b7b6"

[[package]]
name = "winapi-x86_64-pc-windows-gnu"
version = "0.4.0"
source = "registry+https://github.com/rust-lang/crates.io-index"
checksum = "712e227841d057c1ee1cd2fb22fa7e5a5461ae8e48fa2ca79ec42cfc1931183f"

[[package]]
name = "zeroize"
version = "1.1.1"
source = "registry+https://github.com/rust-lang/crates.io-index"
checksum = "05f33972566adbd2d3588b0491eb94b98b43695c4ef897903470ede4f3f5a28a"
